
Microsoft Visual Studio Solution File, Format Version 12.00
# Visual Studio Version 17
VisualStudioVersion = 17.0.31903.59
MinimumVisualStudioVersion = 10.0.40219.1
Project("{FAE04EC0-301F-11D3-BF4B-00C04F79EFBC}") = "APIGateway", "APIGateway\APIGateway.csproj", "{55B5A688-82C8-46AB-9E46-EBB27FAF4192}"
EndProject
Project("{FAE04EC0-301F-11D3-BF4B-00C04F79EFBC}") = "UserService", "UserService\UserService.csproj", "{A05ACC74-000C-4923-A69F-4A31A12540C7}"
EndProject
Project("{FAE04EC0-301F-11D3-BF4B-00C04F79EFBC}") = "ProductService", "ProductService\ProductService.csproj", "{E990A5BD-BAFA-4010-92F3-515D864DA008}"
EndProject
Project("{FAE04EC0-301F-11D3-BF4B-00C04F79EFBC}") = "ReportService", "ReportService\ReportService.csproj", "{95D1FA00-4004-41E4-95F0-7D883C9AFB10}"
EndProject
Global
	GlobalSection(SolutionConfigurationPlatforms) = preSolution
		Debug|Any CPU = Debug|Any CPU
		Debug|x64 = Debug|x64
		Debug|x86 = Debug|x86
		Release|Any CPU = Release|Any CPU
		Release|x64 = Release|x64
		Release|x86 = Release|x86
	EndGlobalSection
	GlobalSection(ProjectConfigurationPlatforms) = postSolution
		{55B5A688-82C8-46AB-9E46-EBB27FAF4192}.Debug|Any CPU.ActiveCfg = Debug|Any CPU
		{55B5A688-82C8-46AB-9E46-EBB27FAF4192}.Debug|Any CPU.Build.0 = Debug|Any CPU
		{55B5A688-82C8-46AB-9E46-EBB27FAF4192}.Debug|x64.ActiveCfg = Debug|Any CPU
		{55B5A688-82C8-46AB-9E46-EBB27FAF4192}.Debug|x64.Build.0 = Debug|Any CPU
		{55B5A688-82C8-46AB-9E46-EBB27FAF4192}.Debug|x86.ActiveCfg = Debug|Any CPU
		{55B5A688-82C8-46AB-9E46-EBB27FAF4192}.Debug|x86.Build.0 = Debug|Any CPU
		{55B5A688-82C8-46AB-9E46-EBB27FAF4192}.Release|Any CPU.ActiveCfg = Release|Any CPU
		{55B5A688-82C8-46AB-9E46-EBB27FAF4192}.Release|Any CPU.Build.0 = Release|Any CPU
		{55B5A688-82C8-46AB-9E46-EBB27FAF4192}.Release|x64.ActiveCfg = Release|Any CPU
		{55B5A688-82C8-46AB-9E46-EBB27FAF4192}.Release|x64.Build.0 = Release|Any CPU
		{55B5A688-82C8-46AB-9E46-EBB27FAF4192}.Release|x86.ActiveCfg = Release|Any CPU
		{55B5A688-82C8-46AB-9E46-EBB27FAF4192}.Release|x86.Build.0 = Release|Any CPU
		{A05ACC74-000C-4923-A69F-4A31A12540C7}.Debug|Any CPU.ActiveCfg = Debug|Any CPU
		{A05ACC74-000C-4923-A69F-4A31A12540C7}.Debug|Any CPU.Build.0 = Debug|Any CPU
		{A05ACC74-000C-4923-A69F-4A31A12540C7}.Debug|x64.ActiveCfg = Debug|Any CPU
		{A05ACC74-000C-4923-A69F-4A31A12540C7}.Debug|x64.Build.0 = Debug|Any CPU
		{A05ACC74-000C-4923-A69F-4A31A12540C7}.Debug|x86.ActiveCfg = Debug|Any CPU
		{A05ACC74-000C-4923-A69F-4A31A12540C7}.Debug|x86.Build.0 = Debug|Any CPU
		{A05ACC74-000C-4923-A69F-4A31A12540C7}.Release|Any CPU.ActiveCfg = Release|Any CPU
		{A05ACC74-000C-4923-A69F-4A31A12540C7}.Release|Any CPU.Build.0 = Release|Any CPU
		{A05ACC74-000C-4923-A69F-4A31A12540C7}.Release|x64.ActiveCfg = Release|Any CPU
		{A05ACC74-000C-4923-A69F-4A31A12540C7}.Release|x64.Build.0 = Release|Any CPU
		{A05ACC74-000C-4923-A69F-4A31A12540C7}.Release|x86.ActiveCfg = Release|Any CPU
		{A05ACC74-000C-4923-A69F-4A31A12540C7}.Release|x86.Build.0 = Release|Any CPU
		{E990A5BD-BAFA-4010-92F3-515D864DA008}.Debug|Any CPU.ActiveCfg = Debug|Any CPU
		{E990A5BD-BAFA-4010-92F3-515D864DA008}.Debug|Any CPU.Build.0 = Debug|Any CPU
		{E990A5BD-BAFA-4010-92F3-515D864DA008}.Debug|x64.ActiveCfg = Debug|Any CPU
		{E990A5BD-BAFA-4010-92F3-515D864DA008}.Debug|x64.Build.0 = Debug|Any CPU
		{E990A5BD-BAFA-4010-92F3-515D864DA008}.Debug|x86.ActiveCfg = Debug|Any CPU
		{E990A5BD-BAFA-4010-92F3-515D864DA008}.Debug|x86.Build.0 = Debug|Any CPU
		{E990A5BD-BAFA-4010-92F3-515D864DA008}.Release|Any CPU.ActiveCfg = Release|Any CPU
		{E990A5BD-BAFA-4010-92F3-515D864DA008}.Release|Any CPU.Build.0 = Release|Any CPU
		{E990A5BD-BAFA-4010-92F3-515D864DA008}.Release|x64.ActiveCfg = Release|Any CPU
		{E990A5BD-BAFA-4010-92F3-515D864DA008}.Release|x64.Build.0 = Release|Any CPU
		{E990A5BD-BAFA-4010-92F3-515D864DA008}.Release|x86.ActiveCfg = Release|Any CPU
		{E990A5BD-BAFA-4010-92F3-515D864DA008}.Release|x86.Build.0 = Release|Any CPU
		{95D1FA00-4004-41E4-95F0-7D883C9AFB10}.Debug|Any CPU.ActiveCfg = Debug|Any CPU
		{95D1FA00-4004-41E4-95F0-7D883C9AFB10}.Debug|Any CPU.Build.0 = Debug|Any CPU
		{95D1FA00-4004-41E4-95F0-7D883C9AFB10}.Debug|x64.ActiveCfg = Debug|Any CPU
		{95D1FA00-4004-41E4-95F0-7D883C9AFB10}.Debug|x64.Build.0 = Debug|Any CPU
		{95D1FA00-4004-41E4-95F0-7D883C9AFB10}.Debug|x86.ActiveCfg = Debug|Any CPU
		{95D1FA00-4004-41E4-95F0-7D883C9AFB10}.Debug|x86.Build.0 = Debug|Any CPU
		{95D1FA00-4004-41E4-95F0-7D883C9AFB10}.Release|Any CPU.ActiveCfg = Release|Any CPU
		{95D1FA00-4004-41E4-95F0-7D883C9AFB10}.Release|Any CPU.Build.0 = Release|Any CPU
		{95D1FA00-4004-41E4-95F0-7D883C9AFB10}.Release|x64.ActiveCfg = Release|Any CPU
		{95D1FA00-4004-41E4-95F0-7D883C9AFB10}.Release|x64.Build.0 = Release|Any CPU
		{95D1FA00-4004-41E4-95F0-7D883C9AFB10}.Release|x86.ActiveCfg = Release|Any CPU
		{95D1FA00-4004-41E4-95F0-7D883C9AFB10}.Release|x86.Build.0 = Release|Any CPU
	EndGlobalSection
	GlobalSection(SolutionProperties) = preSolution
		HideSolutionNode = FALSE
	EndGlobalSection
EndGlobal
